cirello.io/oversight v1.0.0 h1:g8zH2XdxKuoNsYnS/dlXvT5Jd5JJhCwLmGpuXbbVJFw=
cirello.io/oversight v1.0.0/go.mod h1:PuOCxY1ooN93+vN5+G4DrA6LRt8cj1Ie4pIDsol28yY=
cirello.io/oversight v1.0.1 h1:1QUnUpl43uy5VfOXRFU2HGF+5zLiW9y4Qh5jX0Qdprw=
cirello.io/oversight v1.0.1/go.mod h1:Rdj5qP4E3yk0/L/gXpElXtYZECfPgPFY+4pBhOmx9vE=
github.com/buildkite/terminal-to-html v3.2.0+incompatible h1:WdXzl7ZmYzCAz4pElZosPaUlRTW+qwVx/SkQSCa1jXs=
github.com/buildkite/terminal-to-html v3.2.0+incompatible/go.mod h1:BFFdFecOxCgjdcarqI+8izs6v85CU/1RA/4Bqh4GR7E=
github.com/fsnotify/fsnotify v1.4.7 h1:IXs+QLmnXW2CcXuY+8Mzv/fWEsPGWxqefPtCP5CnV9I=
github.com/fsnotify/fsnotify v1.4.7/go.mod h1:jwhsz4b93w/PPRr/qN1Yymfu8t87LnFCMoQvtojpjFo=
github.com/gorilla/websocket v1.4.0 h1:WDFjx/TMzVgy9VdMMQi2K2Emtwi2QcUQsztZ/zLaH/Q=
github.com/gorilla/websocket v1.4.0/go.mod h1:E7qHFY5m1UJ88s3WnNqhKjPHQ0heANvMoAMk2YaljkQ=
golang.org/x/sys v0.0.0-20190124100055-b90733256f2e h1:3GIlrlVLfkoipSReOMNAgApI0ajnalyLa/EZHHca/XI=
golang.org/x/sys v0.0.0-20190124100055-b90733256f2e/go.mod h1:STP8DvDyc/dI5b8T5hshtkjS+E42TnysNCUPdjciGhY=
gopkg.in/urfave/cli.v1 v1.20.0 h1:NdAVW6RYxDif9DhDHaAortIu956m2c0v+09AZBPTbE0=
gopkg.in/urfave/cli.v1 v1.20.0/go.mod h1:vuBzUtMdQeixQj8LVd+/98pzhxNGQoyuPBlsXHOQNO0=
