cirello.io/oversight v1.4.0 h1:wYxebS4OGYQz/c/kcGcqxINPuJDbLNnVloQIsdSWua0=
cirello.io/oversight v1.4.0/go.mod h1:gDVpsAKKoNtDhEWd1PjD4yBE6r6y5bXSHpOQ2joJF6E=
github.com/buildkite/terminal-to-html/v3 v3.16.0 h1:BbAgSK3tLEVocul3QLWn5pazyMzWilEeSmnq2LGcFAM=
github.com/buildkite/terminal-to-html/v3 v3.16.0/go.mod h1:gBOS1jmZ+/ze1lpunGDIZpjCk3MkYZ4E80Y7/26Um0c=
github.com/google/go-cmp v0.6.0 h1:ofyhxvXcZhMsU5ulbFiLKl/XBFqE1GSq7atu8tAmTRI=
github.com/google/go-cmp v0.6.0/go.mod h1:17dUlkBOakJ0+DkrSSNjCkIjxS6bF9zb3elmeNGIjoY=
golang.org/x/tools v0.24.0 h1:J1shsA93PJUEVaUSaay7UXAyE8aimq3GW0pjlolpa24=
golang.org/x/tools v0.24.0/go.mod h1:YhNqVBIfWHdzvTLs0d8LCuMhkKUgSUKldakyV7W/WDQ=
